<?xml version="1.0" encoding="utf-8"?>
<Project ToolsVersion="4.0" xmlns="http://schemas.microsoft.com/developer/msbuild/2003">
  <ItemGroup>
    <Filter Include="Source Files">
      <UniqueIdentifier>{4FC737F1-C7A5-4376-A066-2A32D752A2FF}</UniqueIdentifier>
      <Extensions>cpp;c;cc;cxx;c++;def;odl;idl;hpj;bat;asm;asmx</Extensions>
    </Filter>
    <Filter Include="Header Files">
      <UniqueIdentifier>{93995380-89BD-4b04-88EB-625FBE52EBFB}</UniqueIdentifier>
      <Extensions>h;hh;hpp;hxx;h++;hm;inl;inc;ipp;xsd</Extensions>
    </Filter>
    <Filter Include="Resource Files">
      <UniqueIdentifier>{67DA6AB6-F800-4c08-8B7A-83BB121AAD01}</UniqueIdentifier>
      <Extensions>rc;ico;cur;bmp;dlg;rc2;rct;bin;rgs;gif;jpg;jpeg;jpe;resx;tiff;tif;png;wav;mfcribbon-ms</Extensions>
    </Filter>
    <Filter Include="Source Files\Tests">
      <UniqueIdentifier>{37460872-c423-40d5-af71-a5c881af8541}</UniqueIdentifier>
    </Filter>
    <Filter Include="Source Files\Structures">
      <UniqueIdentifier>{b14c2b46-88ff-41b9-bacd-ee2c2304401b}</UniqueIdentifier>
    </Filter>
    <Filter Include="Source Files\Component Architecture">
      <UniqueIdentifier>{ea70f28b-b434-4e18-a69f-fb39627b37e8}</UniqueIdentifier>
    </Filter>
    <Filter Include="Source Files\Component Architecture\Components">
      <UniqueIdentifier>{14bf39c0-81b4-4487-9b98-69a764101f1b}</UniqueIdentifier>
    </Filter>
  </ItemGroup>
  <ItemGroup>
    <ClCompile Include="source\main.cpp">
      <Filter>Source Files</Filter>
    </ClCompile>
    <ClCompile Include="source\UniqueTests.cpp">
      <Filter>Source Files\Tests</Filter>
    </ClCompile>
    <ClCompile Include="source\GameObject.cpp">
      <Filter>Source Files\Component Architecture</Filter>
    </ClCompile>
    <ClCompile Include="source\Component.cpp">
      <Filter>Source Files\Component Architecture</Filter>
    </ClCompile>
    <ClCompile Include="source\stdafx.cpp">
      <Filter>Source Files</Filter>
    </ClCompile>
    <ClCompile Include="source\UniqueLL.cpp">
      <Filter>Source Files\Structures</Filter>
    </ClCompile>
    <ClCompile Include="source\Transform.cpp">
      <Filter>Source Files\Component Architecture\Components</Filter>
    </ClCompile>
    <ClCompile Include="source\Weapon.cpp">
      <Filter>Source Files\Component Architecture\Components</Filter>
    </ClCompile>
    <ClCompile Include="source\GOManager.cpp">
      <Filter>Source Files\Component Architecture</Filter>
    </ClCompile>
    <ClCompile Include="source\Trace.cpp">
      <Filter>Source Files\Tests</Filter>
    </ClCompile>
  </ItemGroup>
  <ItemGroup>
    <ClInclude Include="source\GameObject.h">
      <Filter>Source Files\Component Architecture</Filter>
    </ClInclude>
    <ClInclude Include="source\Component.h">
      <Filter>Source Files\Component Architecture</Filter>
    </ClInclude>
    <ClInclude Include="source\Transform.h">
      <Filter>Source Files\Component Architecture\Components</Filter>
    </ClInclude>
    <ClInclude Include="source\Weapon.h">
      <Filter>Source Files\Component Architecture\Components</Filter>
    </ClInclude>
    <ClInclude Include="source\UniqueLL.h">
      <Filter>Header Files</Filter>
    </ClInclude>
    <ClInclude Include="source\UniqueTests.h">
      <Filter>Header Files</Filter>
    </ClInclude>
    <ClInclude Include="source\stdafx.h">
      <Filter>Header Files</Filter>
    </ClInclude>
    <ClInclude Include="source\GOManager.h">
      <Filter>Source Files\Component Architecture</Filter>
    </ClInclude>
    <ClInclude Include="source\Trace.h">
      <Filter>Source Files\Tests</Filter>
    </ClInclude>
  </ItemGroup>
  <ItemGroup>
    <None Include="ClassDiagram.cd" />
  </ItemGroup>
</Project>